<?xml version="1.0" encoding="utf-8"?>
<Project ToolsVersion="4.0" xmlns="http://schemas.microsoft.com/developer/msbuild/2003">
  <ItemGroup>
    <Filter Include="Header Files">
      <UniqueIdentifier>{a0d86a83-8ff2-4cc5-abff-73ea127b313b}</UniqueIdentifier>
    </Filter>
    <Filter Include="Sources">
      <UniqueIdentifier>{01b4dc29-411a-4e51-a7cf-c750245b6f33}</UniqueIdentifier>
    </Filter>
  </ItemGroup>
  <ItemGroup>
    <ClInclude Include="..\inc\visuals.h">
      <Filter>Header Files</Filter>
    </ClInclude>
    <ClInclude Include="..\inc\common.h">
      <Filter>Header Files</Filter>
    </ClInclude>
    <ClInclude Include="..\inc\network.h">
      <Filter>Header Files</Filter>
    </ClInclude>
    <ClInclude Include="..\inc\project.h">
      <Filter>Header Files</Filter>
    </ClInclude>
    <ClInclude Include="..\inc\station.h">
      <Filter>Header Files</Filter>
    </ClInclude>
    <ClInclude Include="..\inc\args.h">
      <Filter>Header Files</Filter>
    </ClInclude>
  </ItemGroup>
  <ItemGroup>
    <ClCompile Include="..\src\project.cpp">
      <Filter>Sources</Filter>
    </ClCompile>
  </ItemGroup>
  <ItemGroup>
    <CudaCompile Include="..\src\antenna.cu">
      <Filter>Sources</Filter>
    </CudaCompile>
  </ItemGroup>
</Project>