
Microsoft Visual Studio Solution File, Format Version 12.00
# Visual Studio Version 16
VisualStudioVersion = 16.0.33130.400
MinimumVisualStudioVersion = 10.0.40219.1
Project("{8BC9CEB8-8B4A-11D0-8D11-00A0C91BC942}") = "PhaseArray", "project.vcxproj", "{F0FCCE7E-702B-45D6-8568-170910D82F78}"
EndProject
Project("{8BC9CEB8-8B4A-11D0-8D11-00A0C91BC942}") = "CudaSolution", "CudaSolution.vcxproj", "{919AC3A4-57A9-4F26-B09B-3CE52B75CA2D}"
EndProject
Project("{888888A0-9F3D-457C-B088-3A5042F75D52}") = "py", "py\py.pyproj", "{C902CCF6-5D5C-41D0-BEAD-25320F918B9A}"
EndProject
Global
	GlobalSection(SolutionConfigurationPlatforms) = preSolution
		Debug|Any CPU = Debug|Any CPU
		Debug|x64 = Debug|x64
		Debug|x86 = Debug|x86
		Release|Any CPU = Release|Any CPU
		Release|x64 = Release|x64
		Release|x86 = Release|x86
	EndGlobalSection
	GlobalSection(ProjectConfigurationPlatforms) = postSolution
		{F0FCCE7E-702B-45D6-8568-170910D82F78}.Debug|Any CPU.ActiveCfg = Debug|Win32
		{F0FCCE7E-702B-45D6-8568-170910D82F78}.Debug|x64.ActiveCfg = Debug|x64
		{F0FCCE7E-702B-45D6-8568-170910D82F78}.Debug|x64.Build.0 = Debug|x64
		{F0FCCE7E-702B-45D6-8568-170910D82F78}.Debug|x86.ActiveCfg = Debug|Win32
		{F0FCCE7E-702B-45D6-8568-170910D82F78}.Debug|x86.Build.0 = Debug|Win32
		{F0FCCE7E-702B-45D6-8568-170910D82F78}.Release|Any CPU.ActiveCfg = Release|Win32
		{F0FCCE7E-702B-45D6-8568-170910D82F78}.Release|x64.ActiveCfg = Release|x64
		{F0FCCE7E-702B-45D6-8568-170910D82F78}.Release|x64.Build.0 = Release|x64
		{F0FCCE7E-702B-45D6-8568-170910D82F78}.Release|x86.ActiveCfg = Release|Win32
		{F0FCCE7E-702B-45D6-8568-170910D82F78}.Release|x86.Build.0 = Release|Win32
		{919AC3A4-57A9-4F26-B09B-3CE52B75CA2D}.Debug|Any CPU.ActiveCfg = Debug|x64
		{919AC3A4-57A9-4F26-B09B-3CE52B75CA2D}.Debug|x64.ActiveCfg = Debug|x64
		{919AC3A4-57A9-4F26-B09B-3CE52B75CA2D}.Debug|x64.Build.0 = Debug|x64
		{919AC3A4-57A9-4F26-B09B-3CE52B75CA2D}.Debug|x86.ActiveCfg = Debug|x64
		{919AC3A4-57A9-4F26-B09B-3CE52B75CA2D}.Release|Any CPU.ActiveCfg = Release|x64
		{919AC3A4-57A9-4F26-B09B-3CE52B75CA2D}.Release|x64.ActiveCfg = Release|x64
		{919AC3A4-57A9-4F26-B09B-3CE52B75CA2D}.Release|x64.Build.0 = Release|x64
		{919AC3A4-57A9-4F26-B09B-3CE52B75CA2D}.Release|x86.ActiveCfg = Release|x64
		{C902CCF6-5D5C-41D0-BEAD-25320F918B9A}.Debug|Any CPU.ActiveCfg = Debug|Any CPU
		{C902CCF6-5D5C-41D0-BEAD-25320F918B9A}.Debug|x64.ActiveCfg = Debug|Any CPU
		{C902CCF6-5D5C-41D0-BEAD-25320F918B9A}.Debug|x86.ActiveCfg = Debug|Any CPU
		{C902CCF6-5D5C-41D0-BEAD-25320F918B9A}.Release|Any CPU.ActiveCfg = Release|Any CPU
		{C902CCF6-5D5C-41D0-BEAD-25320F918B9A}.Release|x64.ActiveCfg = Release|Any CPU
		{C902CCF6-5D5C-41D0-BEAD-25320F918B9A}.Release|x86.ActiveCfg = Release|Any CPU
	EndGlobalSection
	GlobalSection(SolutionProperties) = preSolution
		HideSolutionNode = FALSE
	EndGlobalSection
	GlobalSection(ExtensibilityGlobals) = postSolution
		SolutionGuid = {B317ED72-6AE0-48A1-9EA2-0833829A89C8}
	EndGlobalSection
EndGlobal
